
Microsoft Visual Studio Solution File, Format Version 12.00
# Visual Studio Version 16
VisualStudioVersion = 16.0.29123.88
MinimumVisualStudioVersion = 10.0.40219.1
Project("{8BC9CEB8-8B4A-11D0-8D11-00A0C91BC942}") = "hermes_uwp", "hermes_uwp\hermes_uwp.vcxproj", "{2E240555-4066-47EE-B450-29B245C9A67D}"
EndProject
Project("{8BC9CEB8-8B4A-11D0-8D11-00A0C91BC942}") = "Hermes_uwp_test", "hermes_uwp_test\Hermes_uwp_test.vcxproj", "{FDF44BC3-2AAF-4641-B56D-075D4A3BB68E}"
	ProjectSection(ProjectDependencies) = postProject
		{2E240555-4066-47EE-B450-29B245C9A67D} = {2E240555-4066-47EE-B450-29B245C9A67D}
	EndProjectSection
EndProject
Global
	GlobalSection(SolutionConfigurationPlatforms) = preSolution
		Debug|ARM = Debug|ARM
		Debug|ARM64 = Debug|ARM64
		Debug|x64 = Debug|x64
		Debug|x86 = Debug|x86
		Release|ARM = Release|ARM
		Release|ARM64 = Release|ARM64
		Release|x64 = Release|x64
		Release|x86 = Release|x86
	EndGlobalSection
	GlobalSection(ProjectConfigurationPlatforms) = postSolution
		{2E240555-4066-47EE-B450-29B245C9A67D}.Debug|ARM.ActiveCfg = Debug|ARM
		{2E240555-4066-47EE-B450-29B245C9A67D}.Debug|ARM.Build.0 = Debug|ARM
		{2E240555-4066-47EE-B450-29B245C9A67D}.Debug|ARM64.ActiveCfg = Debug|ARM64
		{2E240555-4066-47EE-B450-29B245C9A67D}.Debug|ARM64.Build.0 = Debug|ARM64
		{2E240555-4066-47EE-B450-29B245C9A67D}.Debug|x64.ActiveCfg = Debug|x64
		{2E240555-4066-47EE-B450-29B245C9A67D}.Debug|x64.Build.0 = Debug|x64
		{2E240555-4066-47EE-B450-29B245C9A67D}.Debug|x86.ActiveCfg = Debug|Win32
		{2E240555-4066-47EE-B450-29B245C9A67D}.Debug|x86.Build.0 = Debug|Win32
		{2E240555-4066-47EE-B450-29B245C9A67D}.Release|ARM.ActiveCfg = Release|ARM
		{2E240555-4066-47EE-B450-29B245C9A67D}.Release|ARM.Build.0 = Release|ARM
		{2E240555-4066-47EE-B450-29B245C9A67D}.Release|ARM64.ActiveCfg = Release|ARM64
		{2E240555-4066-47EE-B450-29B245C9A67D}.Release|ARM64.Build.0 = Release|ARM64
		{2E240555-4066-47EE-B450-29B245C9A67D}.Release|x64.ActiveCfg = Release|x64
		{2E240555-4066-47EE-B450-29B245C9A67D}.Release|x64.Build.0 = Release|x64
		{2E240555-4066-47EE-B450-29B245C9A67D}.Release|x86.ActiveCfg = Release|Win32
		{2E240555-4066-47EE-B450-29B245C9A67D}.Release|x86.Build.0 = Release|Win32
		{FDF44BC3-2AAF-4641-B56D-075D4A3BB68E}.Debug|ARM.ActiveCfg = Debug|ARM
		{FDF44BC3-2AAF-4641-B56D-075D4A3BB68E}.Debug|ARM.Build.0 = Debug|ARM
		{FDF44BC3-2AAF-4641-B56D-075D4A3BB68E}.Debug|ARM.Deploy.0 = Debug|ARM
		{FDF44BC3-2AAF-4641-B56D-075D4A3BB68E}.Debug|ARM64.ActiveCfg = Debug|ARM64
		{FDF44BC3-2AAF-4641-B56D-075D4A3BB68E}.Debug|ARM64.Build.0 = Debug|ARM64
		{FDF44BC3-2AAF-4641-B56D-075D4A3BB68E}.Debug|ARM64.Deploy.0 = Debug|ARM64
		{FDF44BC3-2AAF-4641-B56D-075D4A3BB68E}.Debug|x64.ActiveCfg = Debug|x64
		{FDF44BC3-2AAF-4641-B56D-075D4A3BB68E}.Debug|x64.Build.0 = Debug|x64
		{FDF44BC3-2AAF-4641-B56D-075D4A3BB68E}.Debug|x64.Deploy.0 = Debug|x64
		{FDF44BC3-2AAF-4641-B56D-075D4A3BB68E}.Debug|x86.ActiveCfg = Debug|Win32
		{FDF44BC3-2AAF-4641-B56D-075D4A3BB68E}.Debug|x86.Build.0 = Debug|Win32
		{FDF44BC3-2AAF-4641-B56D-075D4A3BB68E}.Debug|x86.Deploy.0 = Debug|Win32
		{FDF44BC3-2AAF-4641-B56D-075D4A3BB68E}.Release|ARM.ActiveCfg = Release|ARM
		{FDF44BC3-2AAF-4641-B56D-075D4A3BB68E}.Release|ARM.Build.0 = Release|ARM
		{FDF44BC3-2AAF-4641-B56D-075D4A3BB68E}.Release|ARM.Deploy.0 = Release|ARM
		{FDF44BC3-2AAF-4641-B56D-075D4A3BB68E}.Release|ARM64.ActiveCfg = Release|ARM64
		{FDF44BC3-2AAF-4641-B56D-075D4A3BB68E}.Release|ARM64.Build.0 = Release|ARM64
		{FDF44BC3-2AAF-4641-B56D-075D4A3BB68E}.Release|ARM64.Deploy.0 = Release|ARM64
		{FDF44BC3-2AAF-4641-B56D-075D4A3BB68E}.Release|x64.ActiveCfg = Release|x64
		{FDF44BC3-2AAF-4641-B56D-075D4A3BB68E}.Release|x64.Build.0 = Release|x64
		{FDF44BC3-2AAF-4641-B56D-075D4A3BB68E}.Release|x64.Deploy.0 = Release|x64
		{FDF44BC3-2AAF-4641-B56D-075D4A3BB68E}.Release|x86.ActiveCfg = Release|Win32
		{FDF44BC3-2AAF-4641-B56D-075D4A3BB68E}.Release|x86.Build.0 = Release|Win32
		{FDF44BC3-2AAF-4641-B56D-075D4A3BB68E}.Release|x86.Deploy.0 = Release|Win32
	EndGlobalSection
	GlobalSection(SolutionProperties) = preSolution
		HideSolutionNode = FALSE
	EndGlobalSection
	GlobalSection(ExtensibilityGlobals) = postSolution
		SolutionGuid = {598195B3-CE94-4050-B713-2C53BED6DDA4}
	EndGlobalSection
EndGlobal
